# Generated by move; do not edit
# This file should be checked in.

[move]
version = 4

[pinned.devnet.MoveStdlib]
source = { git = "https://github.com/MystenLabs/sui.git", subdir = "crates/sui-framework/packages/move-stdlib", rev = "14bf3e318215db21415c7c0ab0c01cf8d7ef594a" }
use_environment = "devnet"
manifest_digest = "C4FE4C91DE74CBF223B2E380AE40F592177D21870DC2D7EB6227D2D694E05363"
deps = {}

[pinned.devnet.Sui]
source = { git = "https://github.com/MystenLabs/sui.git", subdir = "crates/sui-framework/packages/sui-framework", rev = "14bf3e318215db21415c7c0ab0c01cf8d7ef594a" }
use_environment = "devnet"
manifest_digest = "E2EF92175C2575B1EA85274B70A9CFD8DE08662B35A68669746BBE7BAC06C17A"
deps = { MoveStdlib = "MoveStdlib" }

[pinned.devnet.m1n3_v4]
source = { root = true }
use_environment = "devnet"
manifest_digest = "83B9627846F722C774E81CF661F72E2F9628C1CC2C8C685C7D203ED69AD5E556"
deps = { Sui = "Sui" }

[pinned.mainnet.MoveStdlib]
source = { git = "https://github.com/MystenLabs/sui.git", subdir = "crates/sui-framework/packages/move-stdlib", rev = "14bf3e318215db21415c7c0ab0c01cf8d7ef594a" }
use_environment = "mainnet"
manifest_digest = "C4FE4C91DE74CBF223B2E380AE40F592177D21870DC2D7EB6227D2D694E05363"
deps = {}

[pinned.mainnet.Sui]
source = { git = "https://github.com/MystenLabs/sui.git", subdir = "crates/sui-framework/packages/sui-framework", rev = "14bf3e318215db21415c7c0ab0c01cf8d7ef594a" }
use_environment = "mainnet"
manifest_digest = "CD547CB1ACCE0880C835DAED2D8FFCB91D56C833AE5240D3AA5B918398263195"
deps = { MoveStdlib = "MoveStdlib" }

[pinned.mainnet.m1n3_v4]
source = { root = true }
use_environment = "mainnet"
manifest_digest = "BA49968BFF7C4A4D9F013B59535CF8B89D935A7C6D63C121606B1FE844829B72"
deps = { Sui = "Sui" }

[pinned.testnet.MoveStdlib]
source = { git = "https://github.com/MystenLabs/sui.git", subdir = "crates/sui-framework/packages/move-stdlib", rev = "1f6e1e6dd72dc75ac4037b3d4e38e73b133c5ef6" }
use_environment = "testnet"
manifest_digest = "C4FE4C91DE74CBF223B2E380AE40F592177D21870DC2D7EB6227D2D694E05363"
deps = {}

[pinned.testnet.MoveStdlib_1]
source = { git = "https://github.com/MystenLabs/sui.git", subdir = "crates/sui-framework/packages/move-stdlib", rev = "b38bca86f0323b3fe8b6b7f4ca0cd7ae7faebe4b" }
use_environment = "testnet"
manifest_digest = "C4FE4C91DE74CBF223B2E380AE40F592177D21870DC2D7EB6227D2D694E05363"
deps = {}

[pinned.testnet.Sui]
source = { git = "https://github.com/MystenLabs/sui.git", subdir = "crates/sui-framework/packages/sui-framework", rev = "1f6e1e6dd72dc75ac4037b3d4e38e73b133c5ef6" }
use_environment = "testnet"
manifest_digest = "7AFB66695545775FBFBB2D3078ADFD084244D5002392E837FDE21D9EA1C6D01C"
deps = { MoveStdlib = "MoveStdlib" }

[pinned.testnet.Sui_1]
source = { git = "https://github.com/MystenLabs/sui.git", subdir = "crates/sui-framework/packages/sui-framework", rev = "b38bca86f0323b3fe8b6b7f4ca0cd7ae7faebe4b" }
use_environment = "testnet"
manifest_digest = "7AFB66695545775FBFBB2D3078ADFD084244D5002392E837FDE21D9EA1C6D01C"
deps = { MoveStdlib = "MoveStdlib_1" }

[pinned.testnet.m1n3_v4]
source = { root = true }
use_environment = "testnet"
manifest_digest = "AB48C80DDD570DC686D4BD1EDA30DFA787926838EAF2BAACFA5F8A8A49FD7254"
deps = { MoveStdlib = "MoveStdlib", Sui = "Sui", openzeppelin_math = "openzeppelin_math" }

[pinned.testnet.openzeppelin_math]
source = { git = "https://github.com/OpenZeppelin/contracts-sui.git", subdir = "math/core", rev = "398ba1c59dc5a8a9214c9b323ddcec33a38761fe" }
use_environment = "testnet"
manifest_digest = "5745706258F61D6CE210904B3E6AE87A73CE9D31A6F93BE4718C442529332A87"
deps = { std = "MoveStdlib_1", sui = "Sui_1" }
